
Microsoft Visual Studio Solution File, Format Version 12.00
# Visual Studio Version 17
VisualStudioVersion = 17.2.32526.322
MinimumVisualStudioVersion = 10.0.40219.1
Project("{9A19103F-16F7-4668-BE54-9A1E7A4F7556}") = "ThrowTheStone", "ThrowTheStone\ThrowTheStone.csproj", "{CFA9732F-FCAB-4936-8122-6EC2E0BCAD64}"
EndProject
Global
	GlobalSection(SolutionConfigurationPlatforms) = preSolution
		Debug|Any CPU = Debug|Any CPU
		Debug|x64 = Debug|x64
		Release|Any CPU = Release|Any CPU
		Release|x64 = Release|x64
	EndGlobalSection
	GlobalSection(ProjectConfigurationPlatforms) = postSolution
		{CFA9732F-FCAB-4936-8122-6EC2E0BCAD64}.Debug|Any CPU.ActiveCfg = Debug|Any CPU
		{CFA9732F-FCAB-4936-8122-6EC2E0BCAD64}.Debug|Any CPU.Build.0 = Debug|Any CPU
		{CFA9732F-FCAB-4936-8122-6EC2E0BCAD64}.Debug|x64.ActiveCfg = Debug|x64
		{CFA9732F-FCAB-4936-8122-6EC2E0BCAD64}.Debug|x64.Build.0 = Debug|x64
		{CFA9732F-FCAB-4936-8122-6EC2E0BCAD64}.Release|Any CPU.ActiveCfg = Release|Any CPU
		{CFA9732F-FCAB-4936-8122-6EC2E0BCAD64}.Release|Any CPU.Build.0 = Release|Any CPU
		{CFA9732F-FCAB-4936-8122-6EC2E0BCAD64}.Release|x64.ActiveCfg = Release|x64
		{CFA9732F-FCAB-4936-8122-6EC2E0BCAD64}.Release|x64.Build.0 = Release|x64
	EndGlobalSection
	GlobalSection(SolutionProperties) = preSolution
		HideSolutionNode = FALSE
	EndGlobalSection
	GlobalSection(ExtensibilityGlobals) = postSolution
		SolutionGuid = {4E438483-848D-4876-8348-635CB203B7C5}
	EndGlobalSection
EndGlobal
